# This file is generated by running "yarn install" inside your project.
# Manual changes might be lost - proceed with caution!

__metadata:
  version: 6
  cacheKey: 8

"my-extension@workspace:.":
  version: 0.0.0-use.local
  resolution: "my-extension@workspace:."
  dependencies:
    typescript: ~4.0.0
  languageName: unknown
  linkType: soft

"typescript@npm:~4.0.0":
  version: 4.0.8
  resolution: "typescript@npm:4.0.8"
  bin:
    tsc: bin/tsc
    tsserver: bin/tsserver
  checksum: ed3869f1001a1d3609bddaea3e53147dafc5ad5dc70dd836ae74a8a954e5000a7245448eb98923077be0d3953677d413303f7cdc52ccca9589c664d4060c00a7
  languageName: node
  linkType: hard

"typescript@patch:typescript@~4.0.0#~builtin<compat/typescript>":
  version: 4.0.8
  resolution: "typescript@patch:typescript@npm%3A4.0.8#~builtin<compat/typescript>::version=4.0.8&hash=ed6a74"
  bin:
    tsc: bin/tsc
    tsserver: bin/tsserver
  checksum: 700e29f13204ee32838125e5239dff34257abea7589600c797ae1f114dea7b297d4268baa830957beb4422d90a9eea5cdf04ad34ad24b3873ee2997620b65990
  languageName: node
  linkType: hard
